// !$*UTF8*$!
{
	archiveVersion = 1;
	classes = {
	};
	objectVersion = 50;
	objects = {

/* Begin PBXBuildFile section */
		8D5A69D38761C10907D48B13 /* Pods_FMDBDemo.framework in Frameworks */ = {isa = PBXBuildFile; fileRef = 02C0B4886D4C8AC13FE995AD /* Pods_FMDBDemo.framework */; };
		B506558621D5F70800B3EDA7 /* AppDelegate.m in Sources */ = {isa = PBXBuildFile; fileRef = B506558521D5F70800B3EDA7 /* AppDelegate.m */; };
		B506558921D5F70800B3EDA7 /* ViewController.m in Sources */ = {isa = PBXBuildFile; fileRef = B506558821D5F70800B3EDA7 /* ViewController.m */; };
		B506558C21D5F70800B3EDA7 /* Main.storyboard in Resources */ = {isa = PBXBuildFile; fileRef = B506558A21D5F70800B3EDA7 /* Main.storyboard */; };
		B506558E21D5F70900B3EDA7 /* Assets.xcassets in Resources */ = {isa = PBXBuildFile; fileRef = B506558D21D5F70900B3EDA7 /* Assets.xcassets */; };
		B506559121D5F70900B3EDA7 /* LaunchScreen.storyboard in Resources */ = {isa = PBXBuildFile; fileRef = B506558F21D5F70900B3EDA7 /* LaunchScreen.storyboard */; };
		B506559421D5F70900B3EDA7 /* main.m in Sources */ = {isa = PBXBuildFile; fileRef = B506559321D5F70900B3EDA7 /* main.m */; };
		B506559E21D5F70900B3EDA7 /* FMDBDemoTests.m in Sources */ = {isa = PBXBuildFile; fileRef = B506559D21D5F70900B3EDA7 /* FMDBDemoTests.m */; };
		B50655A921D5F70900B3EDA7 /* FMDBDemoUITests.m in Sources */ = {isa = PBXBuildFile; fileRef = B50655A821D5F70900B3EDA7 /* FMDBDemoUITests.m */; };
/* End PBXBuildFile section */

/* Begin PBXContainerItemProxy section */
		B506559A21D5F70900B3EDA7 /* PBXContainerItemProxy */ = {
			isa = PBXContainerItemProxy;
			containerPortal = B506557921D5F70800B3EDA7 /* Project object */;
			proxyType = 1;
			remoteGlobalIDString = B506558021D5F70800B3EDA7;
			remoteInfo = FMDBDemo;
		};
		B50655A521D5F70900B3EDA7 /* PBXContainerItemProxy */ = {
			isa = PBXContainerItemProxy;
			containerPortal = B506557921D5F70800B3EDA7 /* Project object */;
			proxyType = 1;
			remoteGlobalIDString = B506558021D5F70800B3EDA7;
			remoteInfo = FMDBDemo;
		};
/* End PBXContainerItemProxy section */

/* Begin PBXFileReference section */
		02C0B4886D4C8AC13FE995AD /* Pods_FMDBDemo.framework */ = {isa = PBXFileReference; explicitFileType = wrapper.framework; includeInIndex = 0; path = Pods_FMDBDemo.framework; sourceTree = BUILT_PRODUCTS_DIR; };
		0DA909A04EDCFDAF61DE1451 /* Pods-FMDBDemo.debug.xcconfig */ = {isa = PBXFileReference; includeInIndex = 1; lastKnownFileType = text.xcconfig; name = "Pods-FMDBDemo.debug.xcconfig"; path = "Target Support Files/Pods-FMDBDemo/Pods-FMDBDemo.debug.xcconfig"; sourceTree = "<group>"; };
		7AC55F8D3310A7FA77FB59D1 /* Pods-FMDBDemo.release.xcconfig */ = {isa = PBXFileReference; includeInIndex = 1; lastKnownFileType = text.xcconfig; name = "Pods-FMDBDemo.release.xcconfig"; path = "Target Support Files/Pods-FMDBDemo/Pods-FMDBDemo.release.xcconfig"; sourceTree = "<group>"; };
		B506558121D5F70800B3EDA7 /* FMDBDemo.app */ = {isa = PBXFileReference; explicitFileType = wrapper.application; includeInIndex = 0; path = FMDBDemo.app; sourceTree = BUILT_PRODUCTS_DIR; };
		B506558421D5F70800B3EDA7 /* AppDelegate.h */ = {isa = PBXFileReference; lastKnownFileType = sourcecode.c.h; path = AppDelegate.h; sourceTree = "<group>"; };
		B506558521D5F70800B3EDA7 /* AppDelegate.m */ = {isa = PBXFileReference; lastKnownFileType = sourcecode.c.objc; path = AppDelegate.m; sourceTree = "<group>"; };
		B506558721D5F70800B3EDA7 /* ViewController.h */ = {isa = PBXFileReference; lastKnownFileType = sourcecode.c.h; path = ViewController.h; sourceTree = "<group>"; };
		B506558821D5F70800B3EDA7 /* ViewController.m */ = {isa = PBXFileReference; lastKnownFileType = sourcecode.c.objc; path = ViewController.m; sourceTree = "<group>"; };
		B506558B21D5F70800B3EDA7 /* Base */ = {isa = PBXFileReference; lastKnownFileType = file.storyboard; name = Base; path = Base.lproj/Main.storyboard; sourceTree = "<group>"; };
		B506558D21D5F70900B3EDA7 /* Assets.xcassets */ = {isa = PBXFileReference; lastKnownFileType = folder.assetcatalog; path = Assets.xcassets; sourceTree = "<group>"; };
		B506559021D5F70900B3EDA7 /* Base */ = {isa = PBXFileReference; lastKnownFileType = file.storyboard; name = Base; path = Base.lproj/LaunchScreen.storyboard; sourceTree = "<group>"; };
		B506559221D5F70900B3EDA7 /* Info.plist */ = {isa = PBXFileReference; lastKnownFileType = text.plist.xml; path = Info.plist; sourceTree = "<group>"; };
		B506559321D5F70900B3EDA7 /* main.m */ = {isa = PBXFileReference; lastKnownFileType = sourcecode.c.objc; path = main.m; sourceTree = "<group>"; };
		B506559921D5F70900B3EDA7 /* FMDBDemoTests.xctest */ = {isa = PBXFileReference; explicitFileType = wrapper.cfbundle; includeInIndex = 0; path = FMDBDemoTests.xctest; sourceTree = BUILT_PRODUCTS_DIR; };
		B506559D21D5F70900B3EDA7 /* FMDBDemoTests.m */ = {isa = PBXFileReference; lastKnownFileType = sourcecode.c.objc; path = FMDBDemoTests.m; sourceTree = "<group>"; };
		B506559F21D5F70900B3EDA7 /* Info.plist */ = {isa = PBXFileReference; lastKnownFileType = text.plist.xml; path = Info.plist; sourceTree = "<group>"; };
		B50655A421D5F70900B3EDA7 /* FMDBDemoUITests.xctest */ = {isa = PBXFileReference; explicitFileType = wrapper.cfbundle; includeInIndex = 0; path = FMDBDemoUITests.xctest; sourceTree = BUILT_PRODUCTS_DIR; };
		B50655A821D5F70900B3EDA7 /* FMDBDemoUITests.m */ = {isa = PBXFileReference; lastKnownFileType = sourcecode.c.objc; path = FMDBDemoUITests.m; sourceTree = "<group>"; };
		B50655AA21D5F70900B3EDA7 /* Info.plist */ = {isa = PBXFileReference; lastKnownFileType = text.plist.xml; path = Info.plist; sourceTree = "<group>"; };
/* End PBXFileReference section */

/* Begin PBXFrameworksBuildPhase section */
		B506557E21D5F70800B3EDA7 /* Frameworks */ = {
			isa = PBXFrameworksBuildPhase;
			buildActionMask = 2147483647;
			files = (
				8D5A69D38761C10907D48B13 /* Pods_FMDBDemo.framework in Frameworks */,
			);
			runOnlyForDeploymentPostprocessing = 0;
		};
		B506559621D5F70900B3EDA7 /* Frameworks */ = {
			isa = PBXFrameworksBuildPhase;
			buildActionMask = 2147483647;
			files = (
			);
			runOnlyForDeploymentPostprocessing = 0;
		};
		B50655A121D5F70900B3EDA7 /* Frameworks */ = {
			isa = PBXFrameworksBuildPhase;
			buildActionMask = 2147483647;
			files = (
			);
			runOnlyForDeploymentPostprocessing = 0;
		};
/* End PBXFrameworksBuildPhase section */

/* Begin PBXGroup section */
		51F4FB76325FD914B230D75F /* Frameworks */ = {
			isa = PBXGroup;
			children = (
				02C0B4886D4C8AC13FE995AD /* Pods_FMDBDemo.framework */,
			);
			name = Frameworks;
			sourceTree = "<group>";
		};
		B506557821D5F70800B3EDA7 = {
			isa = PBXGroup;
			children = (
				B506558321D5F70800B3EDA7 /* FMDBDemo */,
				B506559C21D5F70900B3EDA7 /* FMDBDemoTests */,
				B50655A721D5F70900B3EDA7 /* FMDBDemoUITests */,
				B506558221D5F70800B3EDA7 /* Products */,
				DAC7FB7755B4B3EA0840EF20 /* Pods */,
				51F4FB76325FD914B230D75F /* Frameworks */,
			);
			sourceTree = "<group>";
		};
		B506558221D5F70800B3EDA7 /* Products */ = {
			isa = PBXGroup;
			children = (
				B506558121D5F70800B3EDA7 /* FMDBDemo.app */,
				B506559921D5F70900B3EDA7 /* FMDBDemoTests.xctest */,
				B50655A421D5F70900B3EDA7 /* FMDBDemoUITests.xctest */,
			);
			name = Products;
			sourceTree = "<group>";
		};
		B506558321D5F70800B3EDA7 /* FMDBDemo */ = {
			isa = PBXGroup;
			children = (
				B506558421D5F70800B3EDA7 /* AppDelegate.h */,
				B506558521D5F70800B3EDA7 /* AppDelegate.m */,
				B506558721D5F70800B3EDA7 /* ViewController.h */,
				B506558821D5F70800B3EDA7 /* ViewController.m */,
				B506558A21D5F70800B3EDA7 /* Main.storyboard */,
				B506558D21D5F70900B3EDA7 /* Assets.xcassets */,
				B506558F21D5F70900B3EDA7 /* LaunchScreen.storyboard */,
				B506559221D5F70900B3EDA7 /* Info.plist */,
				B506559321D5F70900B3EDA7 /* main.m */,
			);
			path = FMDBDemo;
			sourceTree = "<group>";
		};
		B506559C21D5F70900B3EDA7 /* FMDBDemoTests */ = {
			isa = PBXGroup;
			children = (
				B506559D21D5F70900B3EDA7 /* FMDBDemoTests.m */,
				B506559F21D5F70900B3EDA7 /* Info.plist */,
			);
			path = FMDBDemoTests;
			sourceTree = "<group>";
		};
		B50655A721D5F70900B3EDA7 /* FMDBDemoUITests */ = {
			isa = PBXGroup;
			children = (
				B50655A821D5F70900B3EDA7 /* FMDBDemoUITests.m */,
				B50655AA21D5F70900B3EDA7 /* Info.plist */,
			);
			path = FMDBDemoUITests;
			sourceTree = "<group>";
		};
		DAC7FB7755B4B3EA0840EF20 /* Pods */ = {
			isa = PBXGroup;
			children = (
				0DA909A04EDCFDAF61DE1451 /* Pods-FMDBDemo.debug.xcconfig */,
				7AC55F8D3310A7FA77FB59D1 /* Pods-FMDBDemo.release.xcconfig */,
			);
			name = Pods;
			path = Pods;
			sourceTree = "<group>";
		};
/* End PBXGroup section */

/* Begin PBXNativeTarget section */
		B506558021D5F70800B3EDA7 /* FMDBDemo */ = {
			isa = PBXNativeTarget;
			buildConfigurationList = B50655AD21D5F70900B3EDA7 /* Build configuration list for PBXNativeTarget "FMDBDemo" */;
			buildPhases = (
				1CFF565642CED5424E2262D2 /* [CP] Check Pods Manifest.lock */,
				B506557D21D5F70800B3EDA7 /* Sources */,
				B506557E21D5F70800B3EDA7 /* Frameworks */,
				B506557F21D5F70800B3EDA7 /* Resources */,
				F63752DDA3C2530037557CFB /* [CP] Embed Pods Frameworks */,
			);
			buildRules = (
			);
			dependencies = (
			);
			name = FMDBDemo;
			productName = FMDBDemo;
			productReference = B506558121D5F70800B3EDA7 /* FMDBDemo.app */;
			productType = "com.apple.product-type.application";
		};
		B506559821D5F70900B3EDA7 /* FMDBDemoTests */ = {
			isa = PBXNativeTarget;
			buildConfigurationList = B50655B021D5F70900B3EDA7 /* Build configuration list for PBXNativeTarget "FMDBDemoTests" */;
			buildPhases = (
				B506559521D5F70900B3EDA7 /* Sources */,
				B506559621D5F70900B3EDA7 /* Frameworks */,
				B506559721D5F70900B3EDA7 /* Resources */,
			);
			buildRules = (
			);
			dependencies = (
				B506559B21D5F70900B3EDA7 /* PBXTargetDependency */,
			);
			name = FMDBDemoTests;
			productName = FMDBDemoTests;
			productReference = B506559921D5F70900B3EDA7 /* FMDBDemoTests.xctest */;
			productType = "com.apple.product-type.bundle.unit-test";
		};
		B50655A321D5F70900B3EDA7 /* FMDBDemoUITests */ = {
			isa = PBXNativeTarget;
			buildConfigurationList = B50655B321D5F70900B3EDA7 /* Build configuration list for PBXNativeTarget "FMDBDemoUITests" */;
			buildPhases = (
				B50655A021D5F70900B3EDA7 /* Sources */,
				B50655A121D5F70900B3EDA7 /* Frameworks */,
				B50655A221D5F70900B3EDA7 /* Resources */,
			);
			buildRules = (
			);
			dependencies = (
				B50655A621D5F70900B3EDA7 /* PBXTargetDependency */,
			);
			name = FMDBDemoUITests;
			productName = FMDBDemoUITests;
			productReference = B50655A421D5F70900B3EDA7 /* FMDBDemoUITests.xctest */;
			productType = "com.apple.product-type.bundle.ui-testing";
		};
/* End PBXNativeTarget section */

/* Begin PBXProject section */
		B506557921D5F70800B3EDA7 /* Project object */ = {
			isa = PBXProject;
			attributes = {
				LastUpgradeCheck = 1000;
				ORGANIZATIONNAME = zhenhong;
				TargetAttributes = {
					B506558021D5F70800B3EDA7 = {
						CreatedOnToolsVersion = 10.0;
					};
					B506559821D5F70900B3EDA7 = {
						CreatedOnToolsVersion = 10.0;
						TestTargetID = B506558021D5F70800B3EDA7;
					};
					B50655A321D5F70900B3EDA7 = {
						CreatedOnToolsVersion = 10.0;
						TestTargetID = B506558021D5F70800B3EDA7;
					};
				};
			};
			buildConfigurationList = B506557C21D5F70800B3EDA7 /* Build configuration list for PBXProject "FMDBDemo" */;
			compatibilityVersion = "Xcode 9.3";
			developmentRegion = en;
			hasScannedForEncodings = 0;
			knownRegions = (
				en,
				Base,
			);
			mainGroup = B506557821D5F70800B3EDA7;
			productRefGroup = B506558221D5F70800B3EDA7 /* Products */;
			projectDirPath = "";
			projectRoot = "";
			targets = (
				B506558021D5F70800B3EDA7 /* FMDBDemo */,
				B506559821D5F70900B3EDA7 /* FMDBDemoTests */,
				B50655A321D5F70900B3EDA7 /* FMDBDemoUITests */,
			);
		};
/* End PBXProject section */

/* Begin PBXResourcesBuildPhase section */
		B506557F21D5F70800B3EDA7 /* Resources */ = {
			isa = PBXResourcesBuildPhase;
			buildActionMask = 2147483647;
			files = (
				B506559121D5F70900B3EDA7 /* LaunchScreen.storyboard in Resources */,
				B506558E21D5F70900B3EDA7 /* Assets.xcassets in Resources */,
				B506558C21D5F70800B3EDA7 /* Main.storyboard in Resources */,
			);
			runOnlyForDeploymentPostprocessing = 0;
		};
		B506559721D5F70900B3EDA7 /* Resources */ = {
			isa = PBXResourcesBuildPhase;
			buildActionMask = 2147483647;
			files = (
			);
			runOnlyForDeploymentPostprocessing = 0;
		};
		B50655A221D5F70900B3EDA7 /* Resources */ = {
			isa = PBXResourcesBuildPhase;
			buildActionMask = 2147483647;
			files = (
			);
			runOnlyForDeploymentPostprocessing = 0;
		};
/* End PBXResourcesBuildPhase section */

/* Begin PBXShellScriptBuildPhase section */
		1CFF565642CED5424E2262D2 /* [CP] Check Pods Manifest.lock */ = {
			isa = PBXShellScriptBuildPhase;
			buildActionMask = 2147483647;
			files = (
			);
			inputFileListPaths = (
			);
			inputPaths = (
				"${PODS_PODFILE_DIR_PATH}/Podfile.lock",
				"${PODS_ROOT}/Manifest.lock",
			);
			name = "[CP] Check Pods Manifest.lock";
			outputFileListPaths = (
			);
			outputPaths = (
				"$(DERIVED_FILE_DIR)/Pods-FMDBDemo-checkManifestLockResult.txt",
			);
			runOnlyForDeploymentPostprocessing = 0;
			shellPath = /bin/sh;
			shellScript = "diff \"${PODS_PODFILE_DIR_PATH}/Podfile.lock\" \"${PODS_ROOT}/Manifest.lock\" > /dev/null\nif [ $? != 0 ] ; then\n    # print error to STDERR\n    echo \"error: The sandbox is not in sync with the Podfile.lock. Run 'pod install' or update your CocoaPods installation.\" >&2\n    exit 1\nfi\n# This output is used by Xcode 'outputs' to avoid re-running this script phase.\necho \"SUCCESS\" > \"${SCRIPT_OUTPUT_FILE_0}\"\n";
			showEnvVarsInLog = 0;
		};
		F63752DDA3C2530037557CFB /* [CP] Embed Pods Frameworks */ = {
			isa = PBXShellScriptBuildPhase;
			buildActionMask = 2147483647;
			files = (
			);
			inputFileListPaths = (
			);
			inputPaths = (
				"${PODS_ROOT}/Target Support Files/Pods-FMDBDemo/Pods-FMDBDemo-frameworks.sh",
				"${BUILT_PRODUCTS_DIR}/FMDB/FMDB.framework",
			);
			name = "[CP] Embed Pods Frameworks";
			outputFileListPaths = (
			);
			outputPaths = (
				"${TARGET_BUILD_DIR}/${FRAMEWORKS_FOLDER_PATH}/FMDB.framework",
			);
			runOnlyForDeploymentPostprocessing = 0;
			shellPath = /bin/sh;
			shellScript = "\"${PODS_ROOT}/Target Support Files/Pods-FMDBDemo/Pods-FMDBDemo-frameworks.sh\"\n";
			showEnvVarsInLog = 0;
		};
/* End PBXShellScriptBuildPhase section */

/* Begin PBXSourcesBuildPhase section */
		B506557D21D5F70800B3EDA7 /* Sources */ = {
			isa = PBXSourcesBuildPhase;
			buildActionMask = 2147483647;
			files = (
				B506558921D5F70800B3EDA7 /* ViewController.m in Sources */,
				B506559421D5F70900B3EDA7 /* main.m in Sources */,
				B506558621D5F70800B3EDA7 /* AppDelegate.m in Sources */,
			);
			runOnlyForDeploymentPostprocessing = 0;
		};
		B506559521D5F70900B3EDA7 /* Sources */ = {
			isa = PBXSourcesBuildPhase;
			buildActionMask = 2147483647;
			files = (
				B506559E21D5F70900B3EDA7 /* FMDBDemoTests.m in Sources */,
			);
			runOnlyForDeploymentPostprocessing = 0;
		};
		B50655A021D5F70900B3EDA7 /* Sources */ = {
			isa = PBXSourcesBuildPhase;
			buildActionMask = 2147483647;
			files = (
				B50655A921D5F70900B3EDA7 /* FMDBDemoUITests.m in Sources */,
			);
			runOnlyForDeploymentPostprocessing = 0;
		};
/* End PBXSourcesBuildPhase section */

/* Begin PBXTargetDependency section */
		B506559B21D5F70900B3EDA7 /* PBXTargetDependency */ = {
			isa = PBXTargetDependency;
			target = B506558021D5F70800B3EDA7 /* FMDBDemo */;
			targetProxy = B506559A21D5F70900B3EDA7 /* PBXContainerItemProxy */;
		};
		B50655A621D5F70900B3EDA7 /* PBXTargetDependency */ = {
			isa = PBXTargetDependency;
			target = B506558021D5F70800B3EDA7 /* FMDBDemo */;
			targetProxy = B50655A521D5F70900B3EDA7 /* PBXContainerItemProxy */;
		};
/* End PBXTargetDependency section */

/* Begin PBXVariantGroup section */
		B506558A21D5F70800B3EDA7 /* Main.storyboard */ = {
			isa = PBXVariantGroup;
			children = (
				B506558B21D5F70800B3EDA7 /* Base */,
			);
			name = Main.storyboard;
			sourceTree = "<group>";
		};
		B506558F21D5F70900B3EDA7 /* LaunchScreen.storyboard */ = {
			isa = PBXVariantGroup;
			children = (
				B506559021D5F70900B3EDA7 /* Base */,
			);
			name = LaunchScreen.storyboard;
			sourceTree = "<group>";
		};
/* End PBXVariantGroup section */

/* Begin XCBuildConfiguration section */
		B50655AB21D5F70900B3EDA7 /* Debug */ = {
			isa = XCBuildConfiguration;
			buildSettings = {
				ALWAYS_SEARCH_USER_PATHS = NO;
				CLANG_ANALYZER_NONNULL = YES;
				CLANG_ANALYZER_NUMBER_OBJECT_CONVERSION = YES_AGGRESSIVE;
				CLANG_CXX_LANGUAGE_STANDARD = "gnu++14";
				CLANG_CXX_LIBRARY = "libc++";
				CLANG_ENABLE_MODULES = YES;
				CLANG_ENABLE_OBJC_ARC = YES;
				CLANG_ENABLE_OBJC_WEAK = YES;
				CLANG_WARN_BLOCK_CAPTURE_AUTORELEASING = YES;
				CLANG_WARN_BOOL_CONVERSION = YES;
				CLANG_WARN_COMMA = YES;
				CLANG_WARN_CONSTANT_CONVERSION = YES;
				CLANG_WARN_DEPRECATED_OBJC_IMPLEMENTATIONS = YES;
				CLANG_WARN_DIRECT_OBJC_ISA_USAGE = YES_ERROR;
				CLANG_WARN_DOCUMENTATION_COMMENTS = YES;
				CLANG_WARN_EMPTY_BODY = YES;
				CLANG_WARN_ENUM_CONVERSION = YES;
				CLANG_WARN_INFINITE_RECURSION = YES;
				CLANG_WARN_INT_CONVERSION = YES;
				CLANG_WARN_NON_LITERAL_NULL_CONVERSION = YES;
				CLANG_WARN_OBJC_IMPLICIT_RETAIN_SELF = YES;
				CLANG_WARN_OBJC_LITERAL_CONVERSION = YES;
				CLANG_WARN_OBJC_ROOT_CLASS = YES_ERROR;
				CLANG_WARN_RANGE_LOOP_ANALYSIS = YES;
				CLANG_WARN_STRICT_PROTOTYPES = YES;
				CLANG_WARN_SUSPICIOUS_MOVE = YES;
				CLANG_WARN_UNGUARDED_AVAILABILITY = YES_AGGRESSIVE;
				CLANG_WARN_UNREACHABLE_CODE = YES;
				CLANG_WARN__DUPLICATE_METHOD_MATCH = YES;
				CODE_SIGN_IDENTITY = "iPhone Developer";
				COPY_PHASE_STRIP = NO;
				DEBUG_INFORMATION_FORMAT = dwarf;
				ENABLE_STRICT_OBJC_MSGSEND = YES;
				ENABLE_TESTABILITY = YES;
				GCC_C_LANGUAGE_STANDARD = gnu11;
				GCC_DYNAMIC_NO_PIC = NO;
				GCC_NO_COMMON_BLOCKS = YES;
				GCC_OPTIMIZATION_LEVEL = 0;
				GCC_PREPROCESSOR_DEFINITIONS = (
					"DEBUG=1",
					"$(inherited)",
				);
				GCC_WARN_64_TO_32_BIT_CONVERSION = YES;
				GCC_WARN_ABOUT_RETURN_TYPE = YES_ERROR;
				GCC_WARN_UNDECLARED_SELECTOR = YES;
				GCC_WARN_UNINITIALIZED_AUTOS = YES_AGGRESSIVE;
				GCC_WARN_UNUSED_FUNCTION = YES;
				GCC_WARN_UNUSED_VARIABLE = YES;
				IPHONEOS_DEPLOYMENT_TARGET = 12.0;
				MTL_ENABLE_DEBUG_INFO = INCLUDE_SOURCE;
				MTL_FAST_MATH = YES;
				ONLY_ACTIVE_ARCH = YES;
				SDKROOT = iphoneos;
			};
			name = Debug;
		};
		B50655AC21D5F70900B3EDA7 /* Release */ = {
			isa = XCBuildConfiguration;
			buildSettings = {
				ALWAYS_SEARCH_USER_PATHS = NO;
				CLANG_ANALYZER_NONNULL = YES;
				CLANG_ANALYZER_NUMBER_OBJECT_CONVERSION = YES_AGGRESSIVE;
				CLANG_CXX_LANGUAGE_STANDARD = "gnu++14";
				CLANG_CXX_LIBRARY = "libc++";
				CLANG_ENABLE_MODULES = YES;
				CLANG_ENABLE_OBJC_ARC = YES;
				CLANG_ENABLE_OBJC_WEAK = YES;
				CLANG_WARN_BLOCK_CAPTURE_AUTORELEASING = YES;
				CLANG_WARN_BOOL_CONVERSION = YES;
				CLANG_WARN_COMMA = YES;
				CLANG_WARN_CONSTANT_CONVERSION = YES;
				CLANG_WARN_DEPRECATED_OBJC_IMPLEMENTATIONS = YES;
				CLANG_WARN_DIRECT_OBJC_ISA_USAGE = YES_ERROR;
				CLANG_WARN_DOCUMENTATION_COMMENTS = YES;
				CLANG_WARN_EMPTY_BODY = YES;
				CLANG_WARN_ENUM_CONVERSION = YES;
				CLANG_WARN_INFINITE_RECURSION = YES;
				CLANG_WARN_INT_CONVERSION = YES;
				CLANG_WARN_NON_LITERAL_NULL_CONVERSION = YES;
				CLANG_WARN_OBJC_IMPLICIT_RETAIN_SELF = YES;
				CLANG_WARN_OBJC_LITERAL_CONVERSION = YES;
				CLANG_WARN_OBJC_ROOT_CLASS = YES_ERROR;
				CLANG_WARN_RANGE_LOOP_ANALYSIS = YES;
				CLANG_WARN_STRICT_PROTOTYPES = YES;
				CLANG_WARN_SUSPICIOUS_MOVE = YES;
				CLANG_WARN_UNGUARDED_AVAILABILITY = YES_AGGRESSIVE;
				CLANG_WARN_UNREACHABLE_CODE = YES;
				CLANG_WARN__DUPLICATE_METHOD_MATCH = YES;
				CODE_SIGN_IDENTITY = "iPhone Developer";
				COPY_PHASE_STRIP = NO;
				DEBUG_INFORMATION_FORMAT = "dwarf-with-dsym";
				ENABLE_NS_ASSERTIONS = NO;
				ENABLE_STRICT_OBJC_MSGSEND = YES;
				GCC_C_LANGUAGE_STANDARD = gnu11;
				GCC_NO_COMMON_BLOCKS = YES;
				GCC_WARN_64_TO_32_BIT_CONVERSION = YES;
				GCC_WARN_ABOUT_RETURN_TYPE = YES_ERROR;
				GCC_WARN_UNDECLARED_SELECTOR = YES;
				GCC_WARN_UNINITIALIZED_AUTOS = YES_AGGRESSIVE;
				GCC_WARN_UNUSED_FUNCTION = YES;
				GCC_WARN_UNUSED_VARIABLE = YES;
				IPHONEOS_DEPLOYMENT_TARGET = 12.0;
				MTL_ENABLE_DEBUG_INFO = NO;
				MTL_FAST_MATH = YES;
				SDKROOT = iphoneos;
				VALIDATE_PRODUCT = YES;
			};
			name = Release;
		};
		B50655AE21D5F70900B3EDA7 /* Debug */ = {
			isa = XCBuildConfiguration;
			baseConfigurationReference = 0DA909A04EDCFDAF61DE1451 /* Pods-FMDBDemo.debug.xcconfig */;
			buildSettings = {
				ASSETCATALOG_COMPILER_APPICON_NAME = AppIcon;
				CODE_SIGN_STYLE = Automatic;
				DEVELOPMENT_TEAM = 48LAFN4YHK;
				INFOPLIST_FILE = FMDBDemo/Info.plist;
				LD_RUNPATH_SEARCH_PATHS = (
					"$(inherited)",
					"@executable_path/Frameworks",
				);
				PRODUCT_BUNDLE_IDENTIFIER = com.zhenhong.FMDBDemo;
				PRODUCT_NAME = "$(TARGET_NAME)";
				TARGETED_DEVICE_FAMILY = "1,2";
			};
			name = Debug;
		};
		B50655AF21D5F70900B3EDA7 /* Release */ = {
			isa = XCBuildConfiguration;
			baseConfigurationReference = 7AC55F8D3310A7FA77FB59D1 /* Pods-FMDBDemo.release.xcconfig */;
			buildSettings = {
				ASSETCATALOG_COMPILER_APPICON_NAME = AppIcon;
				CODE_SIGN_STYLE = Automatic;
				DEVELOPMENT_TEAM = 48LAFN4YHK;
				INFOPLIST_FILE = FMDBDemo/Info.plist;
				LD_RUNPATH_SEARCH_PATHS = (
					"$(inherited)",
					"@executable_path/Frameworks",
				);
				PRODUCT_BUNDLE_IDENTIFIER = com.zhenhong.FMDBDemo;
				PRODUCT_NAME = "$(TARGET_NAME)";
				TARGETED_DEVICE_FAMILY = "1,2";
			};
			name = Release;
		};
		B50655B121D5F70900B3EDA7 /* Debug */ = {
			isa = XCBuildConfiguration;
			buildSettings = {
				BUNDLE_LOADER = "$(TEST_HOST)";
				CODE_SIGN_STYLE = Automatic;
				DEVELOPMENT_TEAM = 48LAFN4YHK;
				INFOPLIST_FILE = FMDBDemoTests/Info.plist;
				LD_RUNPATH_SEARCH_PATHS = (
					"$(inherited)",
					"@executable_path/Frameworks",
					"@loader_path/Frameworks",
				);
				PRODUCT_BUNDLE_IDENTIFIER = com.zhenhong.FMDBDemoTests;
				PRODUCT_NAME = "$(TARGET_NAME)";
				TARGETED_DEVICE_FAMILY = "1,2";
				TEST_HOST = "$(BUILT_PRODUCTS_DIR)/FMDBDemo.app/FMDBDemo";
			};
			name = Debug;
		};
		B50655B221D5F70900B3EDA7 /* Release */ = {
			isa = XCBuildConfiguration;
			buildSettings = {
				BUNDLE_LOADER = "$(TEST_HOST)";
				CODE_SIGN_STYLE = Automatic;
				DEVELOPMENT_TEAM = 48LAFN4YHK;
				INFOPLIST_FILE = FMDBDemoTests/Info.plist;
				LD_RUNPATH_SEARCH_PATHS = (
					"$(inherited)",
					"@executable_path/Frameworks",
					"@loader_path/Frameworks",
				);
				PRODUCT_BUNDLE_IDENTIFIER = com.zhenhong.FMDBDemoTests;
				PRODUCT_NAME = "$(TARGET_NAME)";
				TARGETED_DEVICE_FAMILY = "1,2";
				TEST_HOST = "$(BUILT_PRODUCTS_DIR)/FMDBDemo.app/FMDBDemo";
			};
			name = Release;
		};
		B50655B421D5F70900B3EDA7 /* Debug */ = {
			isa = XCBuildConfiguration;
			buildSettings = {
				CODE_SIGN_STYLE = Automatic;
				DEVELOPMENT_TEAM = 48LAFN4YHK;
				INFOPLIST_FILE = FMDBDemoUITests/Info.plist;
				LD_RUNPATH_SEARCH_PATHS = (
					"$(inherited)",
					"@executable_path/Frameworks",
					"@loader_path/Frameworks",
				);
				PRODUCT_BUNDLE_IDENTIFIER = com.zhenhong.FMDBDemoUITests;
				PRODUCT_NAME = "$(TARGET_NAME)";
				TARGETED_DEVICE_FAMILY = "1,2";
				TEST_TARGET_NAME = FMDBDemo;
			};
			name = Debug;
		};
		B50655B521D5F70900B3EDA7 /* Release */ = {
			isa = XCBuildConfiguration;
			buildSettings = {
				CODE_SIGN_STYLE = Automatic;
				DEVELOPMENT_TEAM = 48LAFN4YHK;
				INFOPLIST_FILE = FMDBDemoUITests/Info.plist;
				LD_RUNPATH_SEARCH_PATHS = (
					"$(inherited)",
					"@executable_path/Frameworks",
					"@loader_path/Frameworks",
				);
				PRODUCT_BUNDLE_IDENTIFIER = com.zhenhong.FMDBDemoUITests;
				PRODUCT_NAME = "$(TARGET_NAME)";
				TARGETED_DEVICE_FAMILY = "1,2";
				TEST_TARGET_NAME = FMDBDemo;
			};
			name = Release;
		};
/* End XCBuildConfiguration section */

/* Begin XCConfigurationList section */
		B506557C21D5F70800B3EDA7 /* Build configuration list for PBXProject "FMDBDemo" */ = {
			isa = XCConfigurationList;
			buildConfigurations = (
				B50655AB21D5F70900B3EDA7 /* Debug */,
				B50655AC21D5F70900B3EDA7 /* Release */,
			);
			defaultConfigurationIsVisible = 0;
			defaultConfigurationName = Release;
		};
		B50655AD21D5F70900B3EDA7 /* Build configuration list for PBXNativeTarget "FMDBDemo" */ = {
			isa = XCConfigurationList;
			buildConfigurations = (
				B50655AE21D5F70900B3EDA7 /* Debug */,
				B50655AF21D5F70900B3EDA7 /* Release */,
			);
			defaultConfigurationIsVisible = 0;
			defaultConfigurationName = Release;
		};
		B50655B021D5F70900B3EDA7 /* Build configuration list for PBXNativeTarget "FMDBDemoTests" */ = {
			isa = XCConfigurationList;
			buildConfigurations = (
				B50655B121D5F70900B3EDA7 /* Debug */,
				B50655B221D5F70900B3EDA7 /* Release */,
			);
			defaultConfigurationIsVisible = 0;
			defaultConfigurationName = Release;
		};
		B50655B321D5F70900B3EDA7 /* Build configuration list for PBXNativeTarget "FMDBDemoUITests" */ = {
			isa = XCConfigurationList;
			buildConfigurations = (
				B50655B421D5F70900B3EDA7 /* Debug */,
				B50655B521D5F70900B3EDA7 /* Release */,
			);
			defaultConfigurationIsVisible = 0;
			defaultConfigurationName = Release;
		};
/* End XCConfigurationList section */
	};
	rootObject = B506557921D5F70800B3EDA7 /* Project object */;
}
